PODS:
  - Alamofire (5.4.1)
  - CoreAPNS-Rx (0.1.0):
    - RxRelay (~> 6.0.0)
    - RxSwift (~> 6.0.0)
  - CoreBase-Rx (0.1.0):
    - CoreBase-Rx/Basics (= 0.1.0)
    - CoreBase-Rx/Scene (= 0.1.0)
  - CoreBase-Rx/Basics (0.1.0)
  - CoreBase-Rx/ReduxExtension (0.1.0):
    - CoreBase-Rx/Scene
    - CoreRedux-Rx/Basics
  - CoreBase-Rx/Scene (0.1.0):
    - RxCocoa (~> 6.0.0)
    - RxRelay (~> 6.0.0)
    - RxSwift (~> 6.0.0)
  - CoreDataStore-Rx (0.1.0):
    - CoreRepository-Rx/DataStore
  - CoreList (0.1.0):
    - DifferenceKit
  - CoreRealmDataStore-Rx (0.1.0):
    - CoreRepository-Rx/DataStore
    - RealmSwift
  - CoreRedux-Rx (0.1.0):
    - CoreRedux-Rx/Basics (= 0.1.0)
  - CoreRedux-Rx/Basics (0.1.0):
    - RxRelay (~> 6.0.0)
    - RxSwift (~> 6.0.0)
  - CoreRedux-Rx/List (0.1.0):
    - CoreRedux-Rx/Basics
    - CoreRepository-Rx/Basics
  - CoreRepository-Rx (0.1.0):
    - CoreRepository-Rx/Basics (= 0.1.0)
    - CoreRepository-Rx/DataStore (= 0.1.0)
    - CoreRepository-Rx/Local (= 0.1.0)
    - CoreRepository-Rx/Remote (= 0.1.0)
    - CoreRepository-Rx/RemoteLocal (= 0.1.0)
    - CoreRepository-Rx/Request (= 0.1.0)
  - CoreRepository-Rx/Basics (0.1.0):
    - RxSwift (~> 6.0.0)
  - CoreRepository-Rx/DataStore (0.1.0):
    - CoreRepository-Rx/Basics
  - CoreRepository-Rx/Local (0.1.0):
    - CoreRepository-Rx/Basics
    - CoreRepository-Rx/DataStore
  - CoreRepository-Rx/Remote (0.1.0):
    - CoreRepository-Rx/Basics
    - CoreRepository-Rx/Request
  - CoreRepository-Rx/RemoteLocal (0.1.0):
    - CoreRepository-Rx/Local
    - CoreRepository-Rx/Remote
  - CoreRepository-Rx/Request (0.1.0):
    - Alamofire
    - CoreRepository-Rx/Basics
  - DifferenceKit (1.1.5):
    - DifferenceKit/Core (= 1.1.5)
    - DifferenceKit/UIKitExtension (= 1.1.5)
  - DifferenceKit/Core (1.1.5)
  - DifferenceKit/UIKitExtension (1.1.5):
    - DifferenceKit/Core
  - Realm (10.5.0):
    - Realm/Headers (= 10.5.0)
  - Realm/Headers (10.5.0)
  - RealmSwift (10.5.0):
    - Realm (= 10.5.0)
  - RxCocoa (6.0.0):
    - RxRelay (= 6.0.0)
    - RxSwift (= 6.0.0)
  - RxRelay (6.0.0):
    - RxSwift (= 6.0.0)
  - RxSwift (6.0.0)
  - SwiftDate (6.3.1)
  - Toaster (2.3.0)
  - Valet (4.1.1)

DEPENDENCIES:
  - CoreAPNS-Rx (from `../`)
  - CoreBase-Rx (from `../`)
  - CoreBase-Rx/ReduxExtension (from `../`)
  - CoreDataStore-Rx (from `../`)
  - CoreList (from `../`)
  - CoreRealmDataStore-Rx (from `../`)
  - CoreRedux-Rx (from `../`)
  - CoreRedux-Rx/List (from `../`)
  - CoreRepository-Rx (from `../`)
  - SwiftDate
  - Toaster (from `https://github.com/devxoul/Toaster.git`, branch `master`)
  - Valet

SPEC REPOS:
  trunk:
    - Alamofire
    - DifferenceKit
    - Realm
    - RealmSwift
    - RxCocoa
    - RxRelay
    - RxSwift
    - SwiftDate
    - Valet

EXTERNAL SOURCES:
  CoreAPNS-Rx:
    :path: "../"
  CoreBase-Rx:
    :path: "../"
  CoreDataStore-Rx:
    :path: "../"
  CoreList:
    :path: "../"
  CoreRealmDataStore-Rx:
    :path: "../"
  CoreRedux-Rx:
    :path: "../"
  CoreRepository-Rx:
    :path: "../"
  Toaster:
    :branch: master
    :git: https://github.com/devxoul/Toaster.git

CHECKOUT OPTIONS:
  Toaster:
    :commit: 0fca711c4083cb921cc0893a7a47836358ebf96b
    :git: https://github.com/devxoul/Toaster.git

SPEC CHECKSUMS:
  Alamofire: 2291f7d21ca607c491dd17642e5d40fdcda0e65c
  CoreAPNS-Rx: 2b483941cbf8a35f42375aa6b33744f2b99e25b4
  CoreBase-Rx: 593865b7dd6983b2b6908c3b0f9589744abc4653
  CoreDataStore-Rx: 536f03c290e6584987c4f57b21619655a031e17f
  CoreList: 7e2e079bd1f47c244e0d27943c64014964d40599
  CoreRealmDataStore-Rx: 1bf361885c2fa545e4a5bf2d22080d373087e968
  CoreRedux-Rx: 3cb78a8a5095c3028d6521539d5433bb1190b0a8
  CoreRepository-Rx: 5560f195edecc549ae6835c5ad1f0f7eadb2073d
  DifferenceKit: 516f12e336ed65a3a0665847b5c3cb5cad4bd4ea
  Realm: e1c22c3d83b229afb70ebc10e1771c91e9542d12
  RealmSwift: 6fc078d9d3fd7e58c71bfdbb694e252462f112a5
  RxCocoa: 3f79328fafa3645b34600f37c31e64c73ae3a80e
  RxRelay: 8d593be109c06ea850df027351beba614b012ffb
  RxSwift: c14e798c59b9f6e9a2df8fd235602e85cc044295
  SwiftDate: 72d28954e8e1c6c1c0f917ccc8005e4f83c7d4b2
  Toaster: c3473963c78e8cabbf6ea6f11ad0fdaae6f54987
  Valet: 11ab0e318b7284888a81392e36136563b4af5deb

PODFILE CHECKSUM: e03854e6dbd72c39735fb2f34771fa3239a0d851

COCOAPODS: 1.10.1
