PODS:
  - Alamofire (5.2.1)
  - CoreAPNS/Rx (0.1.0):
    - RxRelay
    - RxSwift
  - CoreBase (0.1.0):
    - CoreBase/Basics (= 0.1.0)
    - CoreBase/SceneRx (= 0.1.0)
  - CoreBase/Basics (0.1.0)
  - CoreBase/ReduxRxExtension (0.1.0):
    - CoreBase/SceneRx
    - CoreRedux/BasicsRx
  - CoreBase/SceneRx (0.1.0):
    - "NSObject+Rx"
    - RxCocoa
    - RxRelay
    - RxSwift
  - CoreDataStore/Rx (0.1.0):
    - CoreRepository/DataStoreRx
  - CoreList (0.1.0):
    - DifferenceKit
  - CoreRealmDataStore/Rx (0.1.0):
    - CoreRepository/DataStoreRx
    - RealmSwift
  - CoreRedux (0.1.0):
    - CoreRedux/BasicsRx (= 0.1.0)
  - CoreRedux/BasicsRx (0.1.0):
    - "NSObject+Rx"
    - RxRelay
    - RxSwift
  - CoreRedux/ListRx (0.1.0):
    - CoreRedux/BasicsRx
    - CoreRepository/BasicsRx
  - CoreRepository (0.1.0):
    - CoreRepository/BasicsRx (= 0.1.0)
    - CoreRepository/DataStoreRx (= 0.1.0)
    - CoreRepository/LocalRx (= 0.1.0)
    - CoreRepository/RemoteLocalRx (= 0.1.0)
    - CoreRepository/RemoteRx (= 0.1.0)
    - CoreRepository/RequestRx (= 0.1.0)
  - CoreRepository/BasicsRx (0.1.0):
    - RxSwift
  - CoreRepository/DataStoreRx (0.1.0):
    - CoreRepository/BasicsRx
  - CoreRepository/LocalRx (0.1.0):
    - CoreRepository/BasicsRx
    - CoreRepository/DataStoreRx
  - CoreRepository/RemoteLocalRx (0.1.0):
    - CoreRepository/LocalRx
    - CoreRepository/RemoteRx
  - CoreRepository/RemoteRx (0.1.0):
    - CoreRepository/BasicsRx
    - CoreRepository/RequestRx
  - CoreRepository/RequestRx (0.1.0):
    - Alamofire
    - CoreRepository/BasicsRx
  - DifferenceKit (1.1.5):
    - DifferenceKit/Core (= 1.1.5)
    - DifferenceKit/UIKitExtension (= 1.1.5)
  - DifferenceKit/Core (1.1.5)
  - DifferenceKit/UIKitExtension (1.1.5):
    - DifferenceKit/Core
  - "NSObject+Rx (5.1.0)":
    - RxSwift (~> 5.1)
  - Realm (5.1.0):
    - Realm/Headers (= 5.1.0)
  - Realm/Headers (5.1.0)
  - RealmSwift (5.1.0):
    - Realm (= 5.1.0)
  - RxCocoa (5.1.1):
    - RxRelay (~> 5)
    - RxSwift (~> 5)
  - RxRelay (5.1.1):
    - RxSwift (~> 5)
  - RxSwift (5.1.1)
  - SwiftDate (6.1.0)
  - Toaster (2.2.0)
  - Valet (4.1.0)

DEPENDENCIES:
  - CoreAPNS/Rx (from `../`)
  - CoreBase (from `../`)
  - CoreBase/ReduxRxExtension (from `../`)
  - CoreDataStore/Rx (from `../`)
  - CoreList (from `../`)
  - CoreRealmDataStore/Rx (from `../`)
  - CoreRedux (from `../`)
  - CoreRedux/ListRx (from `../`)
  - CoreRepository (from `../`)
  - SwiftDate
  - Toaster
  - Valet

SPEC REPOS:
  trunk:
    - Alamofire
    - DifferenceKit
    - "NSObject+Rx"
    - Realm
    - RealmSwift
    - RxCocoa
    - RxRelay
    - RxSwift
    - SwiftDate
    - Toaster
    - Valet

EXTERNAL SOURCES:
  CoreAPNS:
    :path: "../"
  CoreBase:
    :path: "../"
  CoreDataStore:
    :path: "../"
  CoreList:
    :path: "../"
  CoreRealmDataStore:
    :path: "../"
  CoreRedux:
    :path: "../"
  CoreRepository:
    :path: "../"

SPEC CHECKSUMS:
  Alamofire: e911732990610fe89af59ac0077f923d72dc3dfd
  CoreAPNS: 5e8df19a98c3e761cdc9f4920627c3aeca122c9b
  CoreBase: 03cdc4e7395ae65c8a09f33b500e143408cda0b8
  CoreDataStore: 0c6cede068f7d495d94c2f82a4a385b31e8c2bfc
  CoreList: 7e2e079bd1f47c244e0d27943c64014964d40599
  CoreRealmDataStore: d36340a67081600841019e0f08adb27a7b072612
  CoreRedux: dc70e5d0e84e40e30990a2bb70ab637d18237b65
  CoreRepository: f9f530e6486932d6228522e3ba0819deaa875e0f
  DifferenceKit: 516f12e336ed65a3a0665847b5c3cb5cad4bd4ea
  "NSObject+Rx": fa6bbcc1ab1faa06b01466bc09b1e0692bbc5946
  Realm: bdea546851e37b4cf0a2400cef115c7c26fda488
  RealmSwift: 70945aa168db93b215c460e9c8ef680261aa28af
  RxCocoa: 32065309a38d29b5b0db858819b5bf9ef038b601
  RxRelay: d77f7d771495f43c556cbc43eebd1bb54d01e8e9
  RxSwift: 81470a2074fa8780320ea5fe4102807cb7118178
  SwiftDate: fa2bb3962056bb44047b4b85a30044e5eae30b03
  Toaster: c1a81b376edcc2470157b4d1ee1e9341d3b96455
  Valet: c306588a9c221d0c9b2b1370d575ac37cfec20fd

PODFILE CHECKSUM: b897854da73cf17aeab9ee42a9175d0d9044a7cd

COCOAPODS: 1.9.3
