PODS:
  - Alamofire (5.4.0)
  - CoreAPNS-Combine (0.1.0)
  - CoreBase-Combine/Basics (0.1.0)
  - CoreBase-Combine/ReduxExtension (0.1.0):
    - CoreBase-Combine/Scene
    - CoreRedux-Combine/Basics
  - CoreBase-Combine/Scene (0.1.0)
  - CoreDataStore-Combine (0.1.0):
    - CoreRepository-Combine/DataStore
  - CoreList (0.1.0):
    - DifferenceKit
  - CoreRealmDataStore-Combine (0.1.0):
    - CoreRepository-Combine/DataStore
    - RealmSwift
  - CoreRedux-Combine/Basics (0.1.0)
  - CoreRedux-Combine/List (0.1.0):
    - CoreRedux-Combine/Basics
    - CoreRepository-Combine/Basics
  - CoreRepository-Combine/Basics (0.1.0)
  - CoreRepository-Combine/DataStore (0.1.0):
    - CoreRepository-Combine/Basics
  - CoreRepository-Combine/Local (0.1.0):
    - CoreRepository-Combine/Basics
    - CoreRepository-Combine/DataStore
  - CoreRepository-Combine/Remote (0.1.0):
    - CoreRepository-Combine/Basics
    - CoreRepository-Combine/Request
  - CoreRepository-Combine/RemoteLocal (0.1.0):
    - CoreRepository-Combine/Local
    - CoreRepository-Combine/Remote
  - CoreRepository-Combine/Request (0.1.0):
    - Alamofire
    - CoreRepository-Combine/Basics
  - DifferenceKit (1.1.5):
    - DifferenceKit/Core (= 1.1.5)
    - DifferenceKit/UIKitExtension (= 1.1.5)
  - DifferenceKit/Core (1.1.5)
  - DifferenceKit/UIKitExtension (1.1.5):
    - DifferenceKit/Core
  - Realm (10.1.4):
    - Realm/Headers (= 10.1.4)
  - Realm/Headers (10.1.4)
  - RealmSwift (10.1.4):
    - Realm (= 10.1.4)
  - SwiftDate (6.1.0)
  - Toaster (2.3.0)
  - Valet (3.2.8)

DEPENDENCIES:
  - CoreAPNS-Combine (from `../`)
  - CoreBase-Combine/Basics (from `../`)
  - CoreBase-Combine/ReduxExtension (from `../`)
  - CoreDataStore-Combine (from `../`)
  - CoreList (from `../`)
  - CoreRealmDataStore-Combine (from `../`)
  - CoreRedux-Combine/Basics (from `../`)
  - CoreRedux-Combine/List (from `../`)
  - CoreRepository-Combine/RemoteLocal (from `../`)
  - SwiftDate
  - Toaster (from `https://github.com/devxoul/Toaster.git`, branch `master`)
  - Valet

SPEC REPOS:
  trunk:
    - Alamofire
    - DifferenceKit
    - Realm
    - RealmSwift
    - SwiftDate
    - Valet

EXTERNAL SOURCES:
  CoreAPNS-Combine:
    :path: "../"
  CoreBase-Combine:
    :path: "../"
  CoreDataStore-Combine:
    :path: "../"
  CoreList:
    :path: "../"
  CoreRealmDataStore-Combine:
    :path: "../"
  CoreRedux-Combine:
    :path: "../"
  CoreRepository-Combine:
    :path: "../"
  Toaster:
    :branch: master
    :git: https://github.com/devxoul/Toaster.git

CHECKOUT OPTIONS:
  Toaster:
    :commit: aec54fc48d3d36279424103de0784c23862d19df
    :git: https://github.com/devxoul/Toaster.git

SPEC CHECKSUMS:
  Alamofire: 3b6a534a3df22db367e4dedeeca73d1ddfcf0e2f
  CoreAPNS-Combine: fa6386ea466292d229adcc4ced2c774b9734afc1
  CoreBase-Combine: d36ef904ceff52ea9e62ee88e84605d0391d6fe6
  CoreDataStore-Combine: c67521187ffa05f41aa4a0dfb387080a3a68a84b
  CoreList: 7e2e079bd1f47c244e0d27943c64014964d40599
  CoreRealmDataStore-Combine: 5d91573cf97e95df8fd73a80623fb3112d6aaa2f
  CoreRedux-Combine: ceeb6fd0ae72b00855f2e699826ee7f66a68da7a
  CoreRepository-Combine: 20395f3b6598fcb3be3084c039a8e9c0d063b14f
  DifferenceKit: 516f12e336ed65a3a0665847b5c3cb5cad4bd4ea
  Realm: 80f4fb2971ccb9adc27a47d0955ae8e533a7030b
  RealmSwift: 0e566ca714edb377bba8ea0811eafcea0b93734e
  SwiftDate: fa2bb3962056bb44047b4b85a30044e5eae30b03
  Toaster: 33d27524fb6829cdb6b247c924beab0cfa001b3e
  Valet: 16d0537d70db79d9ba953b9060b5da4fb8004e51

PODFILE CHECKSUM: ba5982fe12f7fb460e9dd08c3229cbdc52a8a1f8

COCOAPODS: 1.10.1
