PODS:
  - Alamofire (5.1.0)
  - CoreAPNS/Combine (0.1.0)
  - CoreBase/Basics (0.1.0)
  - CoreBase/ReduxCombineExtension (0.1.0):
    - CoreBase/SceneCombine
    - CoreRedux/BasicsCombine
  - CoreBase/SceneCombine (0.1.0)
  - CoreDataStore/Combine (0.1.0):
    - CoreRepository/DataStoreCombine
  - CoreList (0.1.0):
    - DifferenceKit
  - CoreRealmDataStore/Combine (0.1.0):
    - CoreRepository/DataStoreCombine
    - RealmSwift
  - CoreRedux/BasicsCombine (0.1.0)
  - CoreRedux/ListCombine (0.1.0):
    - CoreRedux/BasicsCombine
    - CoreRepository/BasicsCombine
  - CoreRepository/BasicsCombine (0.1.0)
  - CoreRepository/DataStoreCombine (0.1.0):
    - CoreRepository/BasicsCombine
  - CoreRepository/LocalCombine (0.1.0):
    - CoreRepository/BasicsCombine
    - CoreRepository/DataStoreCombine
  - CoreRepository/RemoteCombine (0.1.0):
    - CoreRepository/BasicsCombine
    - CoreRepository/RequestCombine
  - CoreRepository/RemoteLocalCombine (0.1.0):
    - CoreRepository/LocalCombine
    - CoreRepository/RemoteCombine
  - CoreRepository/RequestCombine (0.1.0):
    - Alamofire
    - CoreRepository/BasicsCombine
  - DifferenceKit (1.1.5):
    - DifferenceKit/Core (= 1.1.5)
    - DifferenceKit/UIKitExtension (= 1.1.5)
  - DifferenceKit/Core (1.1.5)
  - DifferenceKit/UIKitExtension (1.1.5):
    - DifferenceKit/Core
  - Realm (4.4.1):
    - Realm/Headers (= 4.4.1)
  - Realm/Headers (4.4.1)
  - RealmSwift (4.4.1):
    - Realm (= 4.4.1)
  - SwiftDate (6.1.0)
  - Toaster (2.2.0)
  - Valet (3.2.8)

DEPENDENCIES:
  - CoreAPNS/Combine (from `../`)
  - CoreBase/Basics (from `../`)
  - CoreBase/ReduxCombineExtension (from `../`)
  - CoreDataStore/Combine (from `../`)
  - CoreList (from `../`)
  - CoreRealmDataStore/Combine (from `../`)
  - CoreRedux/BasicsCombine (from `../`)
  - CoreRedux/ListCombine (from `../`)
  - CoreRepository/RemoteLocalCombine (from `../`)
  - SwiftDate
  - Toaster
  - Valet

SPEC REPOS:
  trunk:
    - Alamofire
    - DifferenceKit
    - Realm
    - RealmSwift
    - SwiftDate
    - Toaster
    - Valet

EXTERNAL SOURCES:
  CoreAPNS:
    :path: "../"
  CoreBase:
    :path: "../"
  CoreDataStore:
    :path: "../"
  CoreList:
    :path: "../"
  CoreRealmDataStore:
    :path: "../"
  CoreRedux:
    :path: "../"
  CoreRepository:
    :path: "../"

SPEC CHECKSUMS:
  Alamofire: 9d5c5f602928e512395b30950c5984eca840093c
  CoreAPNS: 5e8df19a98c3e761cdc9f4920627c3aeca122c9b
  CoreBase: 1cd156ef2048b286c0511c286fc10b50284e974c
  CoreDataStore: 0c6cede068f7d495d94c2f82a4a385b31e8c2bfc
  CoreList: 7e2e079bd1f47c244e0d27943c64014964d40599
  CoreRealmDataStore: d36340a67081600841019e0f08adb27a7b072612
  CoreRedux: fc0f7ec08d766b4a394693cad7457e8007c65102
  CoreRepository: 461e238c191a2b415f72021c3a728bfc3e9bd7ed
  DifferenceKit: 516f12e336ed65a3a0665847b5c3cb5cad4bd4ea
  Realm: 4eb04d7487bd43c0581256f40b424eafb711deff
  RealmSwift: 3eb8924ff7100df5928c7602f71d0fec51e7c9c5
  SwiftDate: fa2bb3962056bb44047b4b85a30044e5eae30b03
  Toaster: c1a81b376edcc2470157b4d1ee1e9341d3b96455
  Valet: 16d0537d70db79d9ba953b9060b5da4fb8004e51

PODFILE CHECKSUM: 2294456aa346a9f86bc8d6e6afe393189ef55fef

COCOAPODS: 1.8.4
