PODS:
  - Alamofire (5.4.0)
  - CombineCocoa (0.2.2)
  - CoreAPNS-Combine (0.1.0)
  - CoreBase-Combine/Basics (0.1.0)
  - CoreBase-Combine/ReduxExtension (0.1.0):
    - CoreBase-Combine/Scene
    - CoreRedux-Combine/Basics
  - CoreBase-Combine/Scene (0.1.0)
  - CoreDataStore-Combine (0.1.0):
    - CoreRepository-Combine/DataStore
  - CoreList (0.1.0):
    - DifferenceKit
    - FoundationExt_R
  - CoreRealmDataStore-Combine (0.1.0):
    - CoreRepository-Combine/DataStore
    - Realm
    - RealmSwift
  - CoreRedux-Combine/Basics (0.1.0)
  - CoreRedux-Combine/List (0.1.0):
    - CoreRedux-Combine/Basics
    - CoreRepository-Combine/Basics
  - CoreRepository-Combine/Basics (0.1.0):
    - FoundationExt_R
  - CoreRepository-Combine/DataStore (0.1.0):
    - CoreRepository-Combine/Basics
  - CoreRepository-Combine/Local (0.1.0):
    - CoreRepository-Combine/Basics
    - CoreRepository-Combine/DataStore
  - CoreRepository-Combine/Remote (0.1.0):
    - CoreRepository-Combine/Basics
    - CoreRepository-Combine/Request
  - CoreRepository-Combine/RemoteLocal (0.1.0):
    - CoreRepository-Combine/Local
    - CoreRepository-Combine/Remote
  - CoreRepository-Combine/Request (0.1.0):
    - Alamofire
    - CoreRepository-Combine/Basics
  - DifferenceKit (1.1.5):
    - DifferenceKit/Core (= 1.1.5)
    - DifferenceKit/UIKitExtension (= 1.1.5)
  - DifferenceKit/Core (1.1.5)
  - DifferenceKit/UIKitExtension (1.1.5):
    - DifferenceKit/Core
  - FoundationExt_R (0.1.0)
  - Realm (10.7.5):
    - Realm/Headers (= 10.7.5)
  - Realm/Headers (10.7.5)
  - RealmSwift (10.7.5):
    - Realm (= 10.7.5)
  - SwiftDate (6.1.0)
  - SwiftLint (0.43.1)
  - Toaster (2.3.0)
  - Valet (3.2.8)

DEPENDENCIES:
  - CombineCocoa
  - CoreAPNS-Combine (from `../`)
  - CoreBase-Combine/Basics (from `../`)
  - CoreBase-Combine/ReduxExtension (from `../`)
  - CoreDataStore-Combine (from `../`)
  - CoreList (from `../`)
  - CoreRealmDataStore-Combine (from `../`)
  - CoreRedux-Combine/Basics (from `../`)
  - CoreRedux-Combine/List (from `../`)
  - CoreRepository-Combine/RemoteLocal (from `../`)
  - FoundationExt_R (from `../`)
  - SwiftDate
  - SwiftLint
  - Toaster (from `https://github.com/devxoul/Toaster.git`, branch `master`)
  - Valet

SPEC REPOS:
  trunk:
    - Alamofire
    - CombineCocoa
    - DifferenceKit
    - Realm
    - RealmSwift
    - SwiftDate
    - SwiftLint
    - Valet

EXTERNAL SOURCES:
  CoreAPNS-Combine:
    :path: "../"
  CoreBase-Combine:
    :path: "../"
  CoreDataStore-Combine:
    :path: "../"
  CoreList:
    :path: "../"
  CoreRealmDataStore-Combine:
    :path: "../"
  CoreRedux-Combine:
    :path: "../"
  CoreRepository-Combine:
    :path: "../"
  FoundationExt_R:
    :path: "../"
  Toaster:
    :branch: master
    :git: https://github.com/devxoul/Toaster.git

CHECKOUT OPTIONS:
  Toaster:
    :commit: aec54fc48d3d36279424103de0784c23862d19df
    :git: https://github.com/devxoul/Toaster.git

SPEC CHECKSUMS:
  Alamofire: 3b6a534a3df22db367e4dedeeca73d1ddfcf0e2f
  CombineCocoa: 66c79441761907c096ecbd0021cefd8566acaf06
  CoreAPNS-Combine: fa6386ea466292d229adcc4ced2c774b9734afc1
  CoreBase-Combine: d36ef904ceff52ea9e62ee88e84605d0391d6fe6
  CoreDataStore-Combine: c67521187ffa05f41aa4a0dfb387080a3a68a84b
  CoreList: 1b187e528a182f99a1f74560ef4df97dba0d0190
  CoreRealmDataStore-Combine: 2e86479d70a22785e1af2bed56b30b63fc811b51
  CoreRedux-Combine: ceeb6fd0ae72b00855f2e699826ee7f66a68da7a
  CoreRepository-Combine: 0cd329efa635d85db1f5123a55b91b645ff2ba1a
  DifferenceKit: 516f12e336ed65a3a0665847b5c3cb5cad4bd4ea
  FoundationExt_R: e1a55581144ae8be50e756debba52eadcb8b92d9
  Realm: 06f5c67f87cb8c5f27b122218ce22e9a77314517
  RealmSwift: b46535b52e69b9ed33912f0fcb3182ab0a5743ee
  SwiftDate: fa2bb3962056bb44047b4b85a30044e5eae30b03
  SwiftLint: 99f82d07b837b942dd563c668de129a03fc3fb52
  Toaster: 33d27524fb6829cdb6b247c924beab0cfa001b3e
  Valet: 16d0537d70db79d9ba953b9060b5da4fb8004e51

PODFILE CHECKSUM: 8f95c2e176d968f4d6c23254fd6b73893dffd3ba

COCOAPODS: 1.10.1
